
Microsoft Visual Studio Solution File, Format Version 12.00
# Visual Studio Version 16
VisualStudioVersion = 16.0.29215.179
MinimumVisualStudioVersion = 10.0.40219.1
Project("{FAE04EC0-301F-11D3-BF4B-00C04F79EFBC}") = "BmaRailwayStatistics", "BmaRailwayStatistics\BmaRailwayStatistics.csproj", "{39460EBA-6069-44E2-95DC-262FE674838E}"
EndProject
Global
	GlobalSection(SolutionConfigurationPlatforms) = preSolution
		Debug|Any CPU = Debug|Any CPU
		Release|Any CPU = Release|Any CPU
	EndGlobalSection
	GlobalSection(ProjectConfigurationPlatforms) = postSolution
		{39460EBA-6069-44E2-95DC-262FE674838E}.Debug|Any CPU.ActiveCfg = Debug|Any CPU
		{39460EBA-6069-44E2-95DC-262FE674838E}.Debug|Any CPU.Build.0 = Debug|Any CPU
		{39460EBA-6069-44E2-95DC-262FE674838E}.Release|Any CPU.ActiveCfg = Release|Any CPU
		{39460EBA-6069-44E2-95DC-262FE674838E}.Release|Any CPU.Build.0 = Release|Any CPU
	EndGlobalSection
	GlobalSection(SolutionProperties) = preSolution
		HideSolutionNode = FALSE
	EndGlobalSection
	GlobalSection(ExtensibilityGlobals) = postSolution
		SolutionGuid = {8CD2A0C0-13D3-4793-B215-1C55EB3D7184}
	EndGlobalSection
EndGlobal
